version = 1
revision = 3
requires-python = ">=3.13"

[manifest]
members = [
    "pycoreconf",
    "terraforma-test",
]

[[package]]
name = "cbor2"
version = "5.8.0"
source = { registry = "https://pypi.org/simple" }
sdist = { url = "https://files.pythonhosted.org/packages/d9/8e/8b4fdde28e42ffcd741a37f4ffa9fb59cd4fe01625b544dfcfd9ccb54f01/cbor2-5.8.0.tar.gz", hash = "sha256:b19c35fcae9688ac01ef75bad5db27300c2537eb4ee00ed07e05d8456a0d4931", size = 107825, upload-time = "2025-12-30T18:44:22.455Z" }
wheels = [
    { url = "https://files.pythonhosted.org/packages/a6/0d/5a3f20bafaefeb2c1903d961416f051c0950f0d09e7297a3aa6941596b29/cbor2-5.8.0-cp313-cp313-macosx_11_0_arm64.whl", hash = "sha256:6d8d104480845e2f28c6165b4c961bbe58d08cb5638f368375cfcae051c28015", size = 70332, upload-time = "2025-12-30T18:43:54.694Z" },
    { url = "https://files.pythonhosted.org/packages/57/66/177a3f089e69db69c987453ab4934086408c3338551e4984734597be9f80/cbor2-5.8.0-cp313-cp313-manylinux2014_aarch64.manylinux_2_17_aarch64.manylinux_2_28_aarch64.whl", hash = "sha256:43efee947e5ab67d406d6e0dc61b5dee9d2f5e89ae176f90677a3741a20ca2e7", size = 285985, upload-time = "2025-12-30T18:43:55.733Z" },
    { url = "https://files.pythonhosted.org/packages/b7/8e/9e17b8e4ed80a2ce97e2dfa5915c169dbb31599409ddb830f514b57f96cc/cbor2-5.8.0-cp313-cp313-manylinux2014_x86_64.manylinux_2_17_x86_64.manylinux_2_28_x86_64.whl", hash = "sha256:be7ae582f50be539e09c134966d0fd63723fc4789b8dff1f6c2e3f24ae3eaf32", size = 285173, upload-time = "2025-12-30T18:43:57.321Z" },
    { url = "https://files.pythonhosted.org/packages/cc/33/9f92e107d78f88ac22723ac15d0259d220ba98c1d855e51796317f4c4114/cbor2-5.8.0-cp313-cp313-musllinux_1_2_aarch64.whl", hash = "sha256:50f5c709561a71ea7970b4cd2bf9eda4eccacc0aac212577080fdfe64183e7f5", size = 278395, upload-time = "2025-12-30T18:43:58.497Z" },
    { url = "https://files.pythonhosted.org/packages/2f/3f/46b80050a4a35ce5cf7903693864a9fdea7213567dc8faa6e25cb375c182/cbor2-5.8.0-cp313-cp313-musllinux_1_2_x86_64.whl", hash = "sha256:a6790ecc73aa93e76d2d9076fc42bf91a9e69f2295e5fa702e776dbe986465bd", size = 278330, upload-time = "2025-12-30T18:43:59.656Z" },
    { url = "https://files.pythonhosted.org/packages/eb/d2/d41f8c04c783a4d204e364be2d38043d4f732a3bed6f4c732e321cf34c7b/cbor2-5.8.0-cp313-cp313-win_amd64.whl", hash = "sha256:c114af8099fa65a19a514db87ce7a06e942d8fea2730afd49be39f8e16e7f5e0", size = 69841, upload-time = "2025-12-30T18:44:01.159Z" },
    { url = "https://files.pythonhosted.org/packages/1b/8c/0397a82f6e67665009951453c83058e4c77ba54b9a9017ede56d6870306c/cbor2-5.8.0-cp313-cp313-win_arm64.whl", hash = "sha256:ab3ba00494ad8669a459b12a558448d309c271fa4f89b116ad496ee35db38fea", size = 64982, upload-time = "2025-12-30T18:44:02.138Z" },
    { url = "https://files.pythonhosted.org/packages/4b/0c/0654233d7543ac8a50f4785f172430ddc97538ba418eb305d6e529d1a120/cbor2-5.8.0-cp314-cp314-macosx_11_0_arm64.whl", hash = "sha256:ad72381477133046ce217617d839ea4e9454f8b77d9a6351b229e214102daeb7", size = 70710, upload-time = "2025-12-30T18:44:03.209Z" },
    { url = "https://files.pythonhosted.org/packages/84/62/4671d24e557d7f5a74a01b422c538925140c0495e57decde7e566f91d029/cbor2-5.8.0-cp314-cp314-manylinux2014_aarch64.manylinux_2_17_aarch64.manylinux_2_28_aarch64.whl", hash = "sha256:6da25190fad3434ce99876b11d4ca6b8828df6ca232cf7344cd14ae1166fb718", size = 285005, upload-time = "2025-12-30T18:44:05.109Z" },
    { url = "https://files.pythonhosted.org/packages/87/85/0c67d763a08e848c9a80d7e4723ba497cce676f41bc7ca1828ae90a0a872/cbor2-5.8.0-cp314-cp314-manylinux2014_x86_64.manylinux_2_17_x86_64.manylinux_2_28_x86_64.whl", hash = "sha256:c13919e3a24c5a6d286551fa288848a4cedc3e507c58a722ccd134e461217d99", size = 282435, upload-time = "2025-12-30T18:44:06.465Z" },
    { url = "https://files.pythonhosted.org/packages/b2/01/0650972b4dbfbebcfbe37cbba7fc3cd9019a8da6397ab3446e07175e342b/cbor2-5.8.0-cp314-cp314-musllinux_1_2_aarch64.whl", hash = "sha256:f8c40d32e5972047a777f9bf730870828f3cf1c43b3eb96fd0429c57a1d3b9e6", size = 277493, upload-time = "2025-12-30T18:44:07.609Z" },
    { url = "https://files.pythonhosted.org/packages/b3/6c/7704a4f32adc7f10f3b41ec067f500a4458f7606397af5e4cf2d368fd288/cbor2-5.8.0-cp314-cp314-musllinux_1_2_x86_64.whl", hash = "sha256:7627894bc0b3d5d0807f31e3107e11b996205470c4429dc2bb4ef8bfe7f64e1e", size = 276085, upload-time = "2025-12-30T18:44:09.021Z" },
    { url = "https://files.pythonhosted.org/packages/88/6d/e43452347630efe8133f5304127539100d937c138c0996d27ec63963ec2c/cbor2-5.8.0-cp314-cp314-win_amd64.whl", hash = "sha256:b51c5e59becae746ca4de2bbaa8a2f5c64a68fec05cea62941b1a84a8335f7d1", size = 71657, upload-time = "2025-12-30T18:44:10.162Z" },
    { url = "https://files.pythonhosted.org/packages/8b/66/9a780ef34ab10a0437666232e885378cdd5f60197b1b5e61a62499e5a10a/cbor2-5.8.0-cp314-cp314-win_arm64.whl", hash = "sha256:53b630f4db4b9f477ad84077283dd17ecf9894738aa17ef4938c369958e02a71", size = 67171, upload-time = "2025-12-30T18:44:11.619Z" },
    { url = "https://files.pythonhosted.org/packages/d6/4f/101071f880b4da05771128c0b89f41e334cff044dee05fb013c8f4be661c/cbor2-5.8.0-py3-none-any.whl", hash = "sha256:3727d80f539567b03a7aa11890e57798c67092c38df9e6c23abb059e0f65069c", size = 24374, upload-time = "2025-12-30T18:44:21.476Z" },
]

[[package]]
name = "pycoreconf"
version = "0.1.0"
source = { virtual = "." }
dependencies = [
    { name = "cbor2" },
]

[package.metadata]
requires-dist = [{ name = "cbor2", specifier = ">=5.8.0" }]

[[package]]
name = "terraforma-test"
version = "0.1.0"
source = { virtual = "samples/terraforma_test" }
dependencies = [
    { name = "cbor2" },
]

[package.metadata]
requires-dist = [{ name = "cbor2", specifier = ">=5.8.0" }]
